
Microsoft Visual Studio Solution File, Format Version 12.00
# Visual Studio Version 16
VisualStudioVersion = 16.0.31613.86
MinimumVisualStudioVersion = 10.0.40219.1
Project("{FAE04EC0-301F-11D3-BF4B-00C04F79EFBC}") = "FiorelloAsp", "FiorelloAsp\FiorelloAsp.csproj", "{0A105312-1BB0-47E0-AE09-71AF16E1A281}"
EndProject
Global
	GlobalSection(SolutionConfigurationPlatforms) = preSolution
		Debug|Any CPU = Debug|Any CPU
		Release|Any CPU = Release|Any CPU
	EndGlobalSection
	GlobalSection(ProjectConfigurationPlatforms) = postSolution
		{0A105312-1BB0-47E0-AE09-71AF16E1A281}.Debug|Any CPU.ActiveCfg = Debug|Any CPU
		{0A105312-1BB0-47E0-AE09-71AF16E1A281}.Debug|Any CPU.Build.0 = Debug|Any CPU
		{0A105312-1BB0-47E0-AE09-71AF16E1A281}.Release|Any CPU.ActiveCfg = Release|Any CPU
		{0A105312-1BB0-47E0-AE09-71AF16E1A281}.Release|Any CPU.Build.0 = Release|Any CPU
	EndGlobalSection
	GlobalSection(SolutionProperties) = preSolution
		HideSolutionNode = FALSE
	EndGlobalSection
	GlobalSection(ExtensibilityGlobals) = postSolution
		SolutionGuid = {DF5D938D-179D-403C-9CCF-534354C1C4AA}
	EndGlobalSection
EndGlobal
